{
  "name": "descro",
  "version": "0.1.0",
  "lockfileVersion": 1,
  "requires": true,
  "dependencies": {
    "base-x": {
      "version": "3.0.4",
      "resolved": "https://registry.npmjs.org/base-x/-/base-x-3.0.4.tgz",
      "integrity": "sha512-UYOadoSIkEI/VrRGSG6qp93rp2WdokiAiNYDfGW5qURAY8GiAQkvMbwNNSDYiVJopqv4gCna7xqf4rrNGp+5AA==",
      "requires": {
        "safe-buffer": "^5.0.1"
      }
    },
    "jssha": {
      "version": "2.3.1",
      "resolved": "https://registry.npmjs.org/jssha/-/jssha-2.3.1.tgz",
      "integrity": "sha1-FHshJTaQNcpLL30hDcU58Amz3po="
    },
    "openzeppelin-solidity": {
      "version": "1.10.0",
      "resolved": "https://registry.npmjs.org/openzeppelin-solidity/-/openzeppelin-solidity-1.10.0.tgz",
      "integrity": "sha512-igkrumQQ2lrN2zjeQV4Dnb0GpTBj1fzMcd8HPyBUqwI0hhuscX/HzXiqKT6gFQl1j9Wy/ppVVs9fqL/foF7Gmg=="
    },
    "safe-buffer": {
      "version": "5.1.2",
      "resolved": "https://registry.npmjs.org/safe-buffer/-/safe-buffer-5.1.2.tgz",
      "integrity": "sha512-Gd2UZBJDkXlY7GbJxfsE8/nvKkUEU1G38c1siN6QP6a9PT9MmHB8GnpscSmMJSoF8LOIrt8ud/wPtojys4G6+g=="
    },
    "wallet-address-validator": {
      "version": "0.1.7",
      "resolved": "https://registry.npmjs.org/wallet-address-validator/-/wallet-address-validator-0.1.7.tgz",
      "integrity": "sha1-4gWBmYFZeh30eQxXL2jqWjZFKRU=",
      "requires": {
        "base-x": "^3.0.4",
        "jssha": "2.3.1"
      }
    }
  }
}
